{
    "name": "map-lib",
    "requires": true,
    "lockfileVersion": 1,
    "dependencies": {
        "@types/diff": {
            "version": "4.0.2",
            "resolved": "https://registry.npmjs.org/@types/diff/-/diff-4.0.2.tgz",
            "integrity": "sha512-mIenTfsIe586/yzsyfql69KRnA75S8SVXQbTLpDejRrjH0QSJcpu3AUOi/Vjnt9IOsXKxPhJfGpQUNMueIU1fQ=="
        },
        "@types/lodash": {
            "version": "4.14.161",
            "resolved": "https://registry.npmjs.org/@types/lodash/-/lodash-4.14.161.tgz",
            "integrity": "sha512-EP6O3Jkr7bXvZZSZYlsgt5DIjiGr0dXP1/jVEwVLTFgg0d+3lWVQkRavYVQszV7dYUwvg0B8R0MBDpcmXg7XIA=="
        },
        "chevrotain": {
            "version": "7.0.2",
            "resolved": "https://registry.npmjs.org/chevrotain/-/chevrotain-7.0.2.tgz",
            "integrity": "sha512-fIio7ZZCTczF0a+hnM171hM+Di2LanUc7nC0fL3qb1FKfZ2xfXZF3BmwHAkfvXlxpNah3LpOtNtUms2JzvR9pg==",
            "requires": {
                "regexp-to-ast": "0.5.0"
            }
        },
        "diff": {
            "version": "4.0.2",
            "resolved": "https://registry.npmjs.org/diff/-/diff-4.0.2.tgz",
            "integrity": "sha512-58lmxKSA4BNyLz+HHMUzlOEpg09FV+ev6ZMe3vJihgdxzgcwZ8VoEEPmALCZG9LmqfVoNMMKpttIYTVG6uDY7A=="
        },
        "lodash": {
            "version": "4.17.20",
            "resolved": "https://registry.npmjs.org/lodash/-/lodash-4.17.20.tgz",
            "integrity": "sha512-PlhdFcillOINfeV7Ni6oF1TAEayyZBoZ8bcshTHqOYJYlrqzRK5hagpagky5o4HfCzzd1TRkXPMFq6cKk9rGmA=="
        },
        "regexp-to-ast": {
            "version": "0.5.0",
            "resolved": "https://registry.npmjs.org/regexp-to-ast/-/regexp-to-ast-0.5.0.tgz",
            "integrity": "sha512-tlbJqcMHnPKI9zSrystikWKwHkBqu2a/Sgw01h3zFjvYrMxEDYHzzoMZnUrbIfpTFEsoRnnviOXNCzFiSc54Qw=="
        }
    }
}
